
Microsoft Visual Studio Solution File, Format Version 12.00
# Visual Studio Version 17
VisualStudioVersion = 17.14.36105.17 d17.14
MinimumVisualStudioVersion = 10.0.40219.1
Project("{FAE04EC0-301F-11D3-BF4B-00C04F79EFBC}") = "Pigeons", "Pigeons.csproj", "{CC4055EE-13BE-4B9E-BE01-4143F3D40866}"
EndProject
Project("{FAE04EC0-301F-11D3-BF4B-00C04F79EFBC}") = "GeoUtils", "..\GeoUtils\GeoUtils.csproj", "{89A44E99-2916-477A-B35B-99919CF5B5D7}"
EndProject
Project("{FAE04EC0-301F-11D3-BF4B-00C04F79EFBC}") = "Sandbox", "..\Sandbox\Sandbox.csproj", "{D9234A40-AE7A-44D1-8DC3-330F66B84752}"
EndProject
Project("{8BC9CEB8-8B4A-11D0-8D11-00A0C91BC942}") = "GeographicLibWrapper", "..\GeographicLibWrapper\GeographicLibWrapper.vcxproj", "{1005DF97-B99F-4242-BC1F-BEAA4F692C7C}"
EndProject
Global
	GlobalSection(SolutionConfigurationPlatforms) = preSolution
		Debug|Any CPU = Debug|Any CPU
		Debug|x64 = Debug|x64
		Debug|x86 = Debug|x86
		Release|Any CPU = Release|Any CPU
		Release|x64 = Release|x64
		Release|x86 = Release|x86
	EndGlobalSection
	GlobalSection(ProjectConfigurationPlatforms) = postSolution
		{CC4055EE-13BE-4B9E-BE01-4143F3D40866}.Debug|Any CPU.ActiveCfg = Debug|Any CPU
		{CC4055EE-13BE-4B9E-BE01-4143F3D40866}.Debug|Any CPU.Build.0 = Debug|Any CPU
		{CC4055EE-13BE-4B9E-BE01-4143F3D40866}.Debug|x64.ActiveCfg = Debug|Any CPU
		{CC4055EE-13BE-4B9E-BE01-4143F3D40866}.Debug|x64.Build.0 = Debug|Any CPU
		{CC4055EE-13BE-4B9E-BE01-4143F3D40866}.Debug|x86.ActiveCfg = Debug|Any CPU
		{CC4055EE-13BE-4B9E-BE01-4143F3D40866}.Debug|x86.Build.0 = Debug|Any CPU
		{CC4055EE-13BE-4B9E-BE01-4143F3D40866}.Release|Any CPU.ActiveCfg = Release|Any CPU
		{CC4055EE-13BE-4B9E-BE01-4143F3D40866}.Release|Any CPU.Build.0 = Release|Any CPU
		{CC4055EE-13BE-4B9E-BE01-4143F3D40866}.Release|x64.ActiveCfg = Release|Any CPU
		{CC4055EE-13BE-4B9E-BE01-4143F3D40866}.Release|x64.Build.0 = Release|Any CPU
		{CC4055EE-13BE-4B9E-BE01-4143F3D40866}.Release|x86.ActiveCfg = Release|Any CPU
		{CC4055EE-13BE-4B9E-BE01-4143F3D40866}.Release|x86.Build.0 = Release|Any CPU
		{89A44E99-2916-477A-B35B-99919CF5B5D7}.Debug|Any CPU.ActiveCfg = Debug|Any CPU
		{89A44E99-2916-477A-B35B-99919CF5B5D7}.Debug|Any CPU.Build.0 = Debug|Any CPU
		{89A44E99-2916-477A-B35B-99919CF5B5D7}.Debug|x64.ActiveCfg = Debug|Any CPU
		{89A44E99-2916-477A-B35B-99919CF5B5D7}.Debug|x64.Build.0 = Debug|Any CPU
		{89A44E99-2916-477A-B35B-99919CF5B5D7}.Debug|x86.ActiveCfg = Debug|Any CPU
		{89A44E99-2916-477A-B35B-99919CF5B5D7}.Debug|x86.Build.0 = Debug|Any CPU
		{89A44E99-2916-477A-B35B-99919CF5B5D7}.Release|Any CPU.ActiveCfg = Release|Any CPU
		{89A44E99-2916-477A-B35B-99919CF5B5D7}.Release|Any CPU.Build.0 = Release|Any CPU
		{89A44E99-2916-477A-B35B-99919CF5B5D7}.Release|x64.ActiveCfg = Release|Any CPU
		{89A44E99-2916-477A-B35B-99919CF5B5D7}.Release|x64.Build.0 = Release|Any CPU
		{89A44E99-2916-477A-B35B-99919CF5B5D7}.Release|x86.ActiveCfg = Release|Any CPU
		{89A44E99-2916-477A-B35B-99919CF5B5D7}.Release|x86.Build.0 = Release|Any CPU
		{D9234A40-AE7A-44D1-8DC3-330F66B84752}.Debug|Any CPU.ActiveCfg = Debug|Any CPU
		{D9234A40-AE7A-44D1-8DC3-330F66B84752}.Debug|Any CPU.Build.0 = Debug|Any CPU
		{D9234A40-AE7A-44D1-8DC3-330F66B84752}.Debug|x64.ActiveCfg = Debug|Any CPU
		{D9234A40-AE7A-44D1-8DC3-330F66B84752}.Debug|x64.Build.0 = Debug|Any CPU
		{D9234A40-AE7A-44D1-8DC3-330F66B84752}.Debug|x86.ActiveCfg = Debug|Any CPU
		{D9234A40-AE7A-44D1-8DC3-330F66B84752}.Debug|x86.Build.0 = Debug|Any CPU
		{D9234A40-AE7A-44D1-8DC3-330F66B84752}.Release|Any CPU.ActiveCfg = Release|Any CPU
		{D9234A40-AE7A-44D1-8DC3-330F66B84752}.Release|Any CPU.Build.0 = Release|Any CPU
		{D9234A40-AE7A-44D1-8DC3-330F66B84752}.Release|x64.ActiveCfg = Release|Any CPU
		{D9234A40-AE7A-44D1-8DC3-330F66B84752}.Release|x64.Build.0 = Release|Any CPU
		{D9234A40-AE7A-44D1-8DC3-330F66B84752}.Release|x86.ActiveCfg = Release|Any CPU
		{D9234A40-AE7A-44D1-8DC3-330F66B84752}.Release|x86.Build.0 = Release|Any CPU
		{1005DF97-B99F-4242-BC1F-BEAA4F692C7C}.Debug|Any CPU.ActiveCfg = Debug|x64
		{1005DF97-B99F-4242-BC1F-BEAA4F692C7C}.Debug|Any CPU.Build.0 = Debug|x64
		{1005DF97-B99F-4242-BC1F-BEAA4F692C7C}.Debug|x64.ActiveCfg = Debug|x64
		{1005DF97-B99F-4242-BC1F-BEAA4F692C7C}.Debug|x64.Build.0 = Debug|x64
		{1005DF97-B99F-4242-BC1F-BEAA4F692C7C}.Debug|x86.ActiveCfg = Debug|Win32
		{1005DF97-B99F-4242-BC1F-BEAA4F692C7C}.Debug|x86.Build.0 = Debug|Win32
		{1005DF97-B99F-4242-BC1F-BEAA4F692C7C}.Release|Any CPU.ActiveCfg = Release|x64
		{1005DF97-B99F-4242-BC1F-BEAA4F692C7C}.Release|Any CPU.Build.0 = Release|x64
		{1005DF97-B99F-4242-BC1F-BEAA4F692C7C}.Release|x64.ActiveCfg = Release|x64
		{1005DF97-B99F-4242-BC1F-BEAA4F692C7C}.Release|x64.Build.0 = Release|x64
		{1005DF97-B99F-4242-BC1F-BEAA4F692C7C}.Release|x86.ActiveCfg = Release|Win32
		{1005DF97-B99F-4242-BC1F-BEAA4F692C7C}.Release|x86.Build.0 = Release|Win32
	EndGlobalSection
	GlobalSection(SolutionProperties) = preSolution
		HideSolutionNode = FALSE
	EndGlobalSection
	GlobalSection(ExtensibilityGlobals) = postSolution
		SolutionGuid = {780F6F3F-E349-49D7-BCF0-6B18835FE04F}
	EndGlobalSection
EndGlobal
